{
    "name": "ToDoTeamsApp",
    "version": "0.0.1",
    "lockfileVersion": 1,
    "requires": true,
    "dependencies": {
        "@babel/runtime": {
            "version": "7.14.0",
            "resolved": "https://registry.npmjs.org/@babel/runtime/-/runtime-7.14.0.tgz",
            "integrity": "sha512-JELkvo/DlpNdJ7dlyw/eY7E0suy5i5GQH+Vlxaq1nsNJ+H7f4Vtv3jMeCEgRhZZQFXTjldYfQgv2qmM6M1v5wA==",
            "requires": {
                "regenerator-runtime": "^0.13.4"
            }
        },
        "@fluentui/accessibility": {
            "version": "0.56.0",
            "resolved": "https://registry.npmjs.org/@fluentui/accessibility/-/accessibility-0.56.0.tgz",
            "integrity": "sha512-J4AAJ2OBCWuljKtXvw1bAeamcWfZLZuqCXeKR5Nm1OridqIhAUGAjrbjtjs7nzMEZwy150TVLgBhP7HC/RhDCA==",
            "requires": {
                "@babel/runtime": "^7.10.4",
                "lodash": "^4.17.15"
            }
        },
        "@fluentui/dom-utilities": {
            "version": "1.1.2",
            "resolved": "https://registry.npmjs.org/@fluentui/dom-utilities/-/dom-utilities-1.1.2.tgz",
            "integrity": "sha512-XqPS7l3YoMwxdNlaYF6S2Mp0K3FmVIOIy2K3YkMc+eRxu9wFK6emr2Q/3rBhtG5u/On37NExRT7/5CTLnoi9gw==",
            "requires": {
                "@uifabric/set-version": "^7.0.24",
                "tslib": "^1.10.0"
            }
        },
        "@fluentui/react-bindings": {
            "version": "0.56.0",
            "resolved": "https://registry.npmjs.org/@fluentui/react-bindings/-/react-bindings-0.56.0.tgz",
            "integrity": "sha512-Ri3zcJy7YQx/m73M9+WgPPMfwYszJCWgaY3dpLpzR/L07up28gM6UzM35r4aIgOET4v/SByiNnF2UhPNza26qA==",
            "requires": {
                "@babel/runtime": "^7.10.4",
                "@fluentui/accessibility": "^0.56.0",
                "@fluentui/react-component-event-listener": "^0.56.0",
                "@fluentui/react-component-ref": "^0.56.0",
                "@fluentui/react-compose": "^0.19.6",
                "@fluentui/react-northstar-fela-renderer": "^0.56.0",
                "@fluentui/react-northstar-styles-renderer": "^0.56.0",
                "@fluentui/state": "^0.56.0",
                "@fluentui/styles": "^0.56.0",
                "@uifabric/utilities": "^7.32.3",
                "classnames": "^2.2.6",
                "lodash": "^4.17.15",
                "prop-types": "^15.7.2",
                "react-is": "^16.6.3",
                "scheduler": "^0.20.1"
            }
        },
        "@fluentui/react-component-event-listener": {
            "version": "0.56.0",
            "resolved": "https://registry.npmjs.org/@fluentui/react-component-event-listener/-/react-component-event-listener-0.56.0.tgz",
            "integrity": "sha512-e9f2NlgVR57jdwBJrOC9ZmA9ejVESciuHjZh5/k7e2li+vKzlozQwsGxRttSJdHDpQHMtmkmO6oBGvsbG5PwKg==",
            "requires": {
                "@babel/runtime": "^7.10.4"
            }
        },
        "@fluentui/react-component-nesting-registry": {
            "version": "0.56.0",
            "resolved": "https://registry.npmjs.org/@fluentui/react-component-nesting-registry/-/react-component-nesting-registry-0.56.0.tgz",
            "integrity": "sha512-uDxqDVdOejj3CkUjp4k3P6vApS5I7DJvLOmHCVkkgrQ2gmCrGJhMZRrMWw3XU/BusePlYU3vgI+DRAD4yP0ENA==",
            "requires": {
                "@babel/runtime": "^7.10.4",
                "prop-types": "^15.7.2"
            }
        },
        "@fluentui/react-component-ref": {
            "version": "0.56.0",
            "resolved": "https://registry.npmjs.org/@fluentui/react-component-ref/-/react-component-ref-0.56.0.tgz",
            "integrity": "sha512-h6RwnDYZJ08Zth8O9+OCoyS/8dfWFunePZYYVAsAgYWJF8WNC7+PlIX8tzetW+5AY62zarR4NQNdAw1RNAY1AA==",
            "requires": {
                "@babel/runtime": "^7.10.4",
                "react-is": "^16.6.3"
            }
        },
        "@fluentui/react-compose": {
            "version": "0.19.15",
            "resolved": "https://registry.npmjs.org/@fluentui/react-compose/-/react-compose-0.19.15.tgz",
            "integrity": "sha512-54a28yt9EDf/ZzKKzLIUziwIK0eucoTqkWmZZh6T559rf85XcpH9Wvu7240C7nhUUZ0Fr+flt2QBl5RAyFKFdg==",
            "requires": {
                "@types/classnames": "^2.2.9",
                "@uifabric/set-version": "^7.0.24",
                "@uifabric/utilities": "^7.33.5",
                "classnames": "^2.2.6",
                "tslib": "^1.10.0"
            }
        },
        "@fluentui/react-icons-northstar": {
            "version": "0.56.0",
            "resolved": "https://registry.npmjs.org/@fluentui/react-icons-northstar/-/react-icons-northstar-0.56.0.tgz",
            "integrity": "sha512-O98WVm0XAI+5laacM4Q8OGxkMiJq2+wHK0v+C/efROV6WBfD/5CQz0WuJCWaC+ObERvS8CoAqC9mXAc6PF/m6g==",
            "requires": {
                "@babel/runtime": "^7.10.4",
                "@fluentui/accessibility": "^0.56.0",
                "@fluentui/react-bindings": "^0.56.0",
                "@fluentui/styles": "^0.56.0",
                "classnames": "^2.2.6"
            }
        },
        "@fluentui/react-northstar": {
            "version": "0.56.0",
            "resolved": "https://registry.npmjs.org/@fluentui/react-northstar/-/react-northstar-0.56.0.tgz",
            "integrity": "sha512-KCuT7LxwgafWWLV+2res4JGUSXnSSqZ1/W/iPehM/I8FKQroaOdNg77rcIFrPLbdHkI2v/EMAvBcnoZpN2O9mA==",
            "requires": {
                "@babel/runtime": "^7.10.4",
                "@fluentui/accessibility": "^0.56.0",
                "@fluentui/dom-utilities": "^1.1.1",
                "@fluentui/react-bindings": "^0.56.0",
                "@fluentui/react-component-event-listener": "^0.56.0",
                "@fluentui/react-component-nesting-registry": "^0.56.0",
                "@fluentui/react-component-ref": "^0.56.0",
                "@fluentui/react-icons-northstar": "^0.56.0",
                "@fluentui/react-northstar-styles-renderer": "^0.56.0",
                "@fluentui/react-proptypes": "^0.56.0",
                "@fluentui/state": "^0.56.0",
                "@fluentui/styles": "^0.56.0",
                "@popperjs/core": "~2.4.3",
                "@uifabric/utilities": "^7.32.3",
                "body-scroll-lock": "^3.1.5",
                "classnames": "^2.2.6",
                "compute-scroll-into-view": "1.0.11",
                "downshift": "5.0.5",
                "lodash": "^4.17.15",
                "prop-types": "^15.7.2",
                "react-is": "^16.6.3",
                "react-transition-group": "^4.3.0"
            }
        },
        "@fluentui/react-northstar-fela-renderer": {
            "version": "0.56.0",
            "resolved": "https://registry.npmjs.org/@fluentui/react-northstar-fela-renderer/-/react-northstar-fela-renderer-0.56.0.tgz",
            "integrity": "sha512-Xlkdt8EWl+api5NSGhb9m7XLV5+4hU71s0QG7ZTw6LpRlEchnWl7Ui/QtybVTWcCG42xXao4Fs68ACFBUv76qQ==",
            "requires": {
                "@babel/runtime": "^7.10.4",
                "@fluentui/react-northstar-styles-renderer": "^0.56.0",
                "@fluentui/styles": "^0.56.0",
                "css-in-js-utils": "^3.0.0",
                "fela": "^10.6.1",
                "fela-plugin-embedded": "^10.6.1",
                "fela-plugin-fallback-value": "^10.6.1",
                "fela-plugin-placeholder-prefixer": "^10.6.1",
                "fela-plugin-rtl": "^10.6.1",
                "fela-utils": "^10.6.1",
                "inline-style-expand-shorthand": "^1.2.0",
                "lodash": "^4.17.15",
                "react-fela": "^10.6.1",
                "stylis": "^3.5.4"
            }
        },
        "@fluentui/react-northstar-styles-renderer": {
            "version": "0.56.0",
            "resolved": "https://registry.npmjs.org/@fluentui/react-northstar-styles-renderer/-/react-northstar-styles-renderer-0.56.0.tgz",
            "integrity": "sha512-tUIYCXMy6Xz48HhGzY7jb48ndSqz7Ics++/33ojl4W/8hgkhGgViyyym9iE0CiRZ1F9a9Rn3cRcpEVkObkPfoA==",
            "requires": {
                "@babel/runtime": "^7.10.4",
                "@fluentui/styles": "^0.56.0"
            }
        },
        "@fluentui/react-proptypes": {
            "version": "0.56.0",
            "resolved": "https://registry.npmjs.org/@fluentui/react-proptypes/-/react-proptypes-0.56.0.tgz",
            "integrity": "sha512-X85AKZT1rCl7FMFyr5xwRgV/rUR18wrr0OgiQeFp+pIENftFwODTN8kufnhYYqaWr82/ge+IyQshG4sSVfaipA==",
            "requires": {
                "@babel/runtime": "^7.10.4",
                "lodash": "^4.17.15",
                "prop-types": "^15.7.2"
            }
        },
        "@fluentui/state": {
            "version": "0.56.0",
            "resolved": "https://registry.npmjs.org/@fluentui/state/-/state-0.56.0.tgz",
            "integrity": "sha512-LPtOIOiZk2Qwq8i0H5znwa8wB5J/1WOmPsDQV4t4KINRaTR1MOxMqtN0rro7jABXu4219Gx4owulBRvraefe6w==",
            "requires": {
                "@babel/runtime": "^7.10.4"
            }
        },
        "@fluentui/styles": {
            "version": "0.56.0",
            "resolved": "https://registry.npmjs.org/@fluentui/styles/-/styles-0.56.0.tgz",
            "integrity": "sha512-6z4Ql/t636v0LJztFNHdczTpQPYGwm/Bk84TXt417oxQ5CfEudhrMipToQJS2PfOZG+ef24wIbrEP8+U4lFjQw==",
            "requires": {
                "@babel/runtime": "^7.10.4",
                "csstype": "^2.6.7",
                "lodash": "^4.17.15"
            }
        },
        "@popperjs/core": {
            "version": "2.4.4",
            "resolved": "https://registry.npmjs.org/@popperjs/core/-/core-2.4.4.tgz",
            "integrity": "sha512-1oO6+dN5kdIA3sKPZhRGJTfGVP4SWV6KqlMOwry4J3HfyD68sl/3KmG7DeYUzvN+RbhXDnv/D8vNNB8168tAMg=="
        },
        "@types/classnames": {
            "version": "2.3.1",
            "resolved": "https://registry.npmjs.org/@types/classnames/-/classnames-2.3.1.tgz",
            "integrity": "sha512-zeOWb0JGBoVmlQoznvqXbE0tEC/HONsnoUNH19Hc96NFsTAwTXbTqb8FMYkru1F/iqp7a18Ws3nWJvtA1sHD1A==",
            "requires": {
                "classnames": "*"
            }
        },
        "@uifabric/merge-styles": {
            "version": "7.19.2",
            "resolved": "https://registry.npmjs.org/@uifabric/merge-styles/-/merge-styles-7.19.2.tgz",
            "integrity": "sha512-kTlhwglDqwVgIaJq+0yXgzi65plGhmFcPrfme/rXUGMJZoU+qlGT5jXj5d3kuI59p6VB8jWEg9DAxHozhYeu0g==",
            "requires": {
                "@uifabric/set-version": "^7.0.24",
                "tslib": "^1.10.0"
            }
        },
        "@uifabric/set-version": {
            "version": "7.0.24",
            "resolved": "https://registry.npmjs.org/@uifabric/set-version/-/set-version-7.0.24.tgz",
            "integrity": "sha512-t0Pt21dRqdC707/ConVJC0WvcQ/KF7tKLU8AZY7YdjgJpMHi1c0C427DB4jfUY19I92f60LOQyhJ4efH+KpFEg==",
            "requires": {
                "tslib": "^1.10.0"
            }
        },
        "@uifabric/utilities": {
            "version": "7.33.5",
            "resolved": "https://registry.npmjs.org/@uifabric/utilities/-/utilities-7.33.5.tgz",
            "integrity": "sha512-I+Oi0deD/xltSluFY8l2EVd/J4mvOaMljxKO2knSD9/KoGDlo/o5GN4gbnVo8nIt76HWHLAk3KtlJKJm6BhbIQ==",
            "requires": {
                "@fluentui/dom-utilities": "^1.1.2",
                "@uifabric/merge-styles": "^7.19.2",
                "@uifabric/set-version": "^7.0.24",
                "prop-types": "^15.7.2",
                "tslib": "^1.10.0"
            }
        },
        "body-scroll-lock": {
            "version": "3.1.5",
            "resolved": "https://registry.npmjs.org/body-scroll-lock/-/body-scroll-lock-3.1.5.tgz",
            "integrity": "sha512-Yi1Xaml0EvNA0OYWxXiYNqY24AfWkbA6w5vxE7GWxtKfzIbZM+Qw+aSmkgsbWzbHiy/RCSkUZBplVxTA+E4jJg=="
        },
        "classnames": {
            "version": "2.3.1",
            "resolved": "https://registry.npmjs.org/classnames/-/classnames-2.3.1.tgz",
            "integrity": "sha512-OlQdbZ7gLfGarSqxesMesDa5uz7KFbID8Kpq/SxIoNGDqY8lSYs0D+hhtBXhcdB3rcbXArFr7vlHheLk1voeNA=="
        },
        "compute-scroll-into-view": {
            "version": "1.0.11",
            "resolved": "https://registry.npmjs.org/compute-scroll-into-view/-/compute-scroll-into-view-1.0.11.tgz",
            "integrity": "sha512-uUnglJowSe0IPmWOdDtrlHXof5CTIJitfJEyITHBW6zDVOGu9Pjk5puaLM73SLcwak0L4hEjO7Td88/a6P5i7A=="
        },
        "css-in-js-utils": {
            "version": "3.1.0",
            "resolved": "https://registry.npmjs.org/css-in-js-utils/-/css-in-js-utils-3.1.0.tgz",
            "integrity": "sha512-fJAcud6B3rRu+KHYk+Bwf+WFL2MDCJJ1XG9x137tJQ0xYxor7XziQtuGFbWNdqrvF4Tk26O3H73nfVqXt/fW1A==",
            "requires": {
                "hyphenate-style-name": "^1.0.3"
            }
        },
        "csstype": {
            "version": "2.6.17",
            "resolved": "https://registry.npmjs.org/csstype/-/csstype-2.6.17.tgz",
            "integrity": "sha512-u1wmTI1jJGzCJzWndZo8mk4wnPTZd1eOIYTYvuEyOQGfmDl3TrabCCfKnOC86FZwW/9djqTl933UF/cS425i9A=="
        },
        "dom-helpers": {
            "version": "5.2.1",
            "resolved": "https://registry.npmjs.org/dom-helpers/-/dom-helpers-5.2.1.tgz",
            "integrity": "sha512-nRCa7CK3VTrM2NmGkIy4cbK7IZlgBE/PYMn55rrXefr5xXDP0LdtfPnblFDoVdcAfslJ7or6iqAUnx0CCGIWQA==",
            "requires": {
                "@babel/runtime": "^7.8.7",
                "csstype": "^3.0.2"
            },
            "dependencies": {
                "csstype": {
                    "version": "3.0.8",
                    "resolved": "https://registry.npmjs.org/csstype/-/csstype-3.0.8.tgz",
                    "integrity": "sha512-jXKhWqXPmlUeoQnF/EhTtTl4C9SnrxSH/jZUih3jmO6lBKr99rP3/+FmrMj4EFpOXzMtXHAZkd3x0E6h6Fgflw=="
                }
            }
        },
        "downshift": {
            "version": "5.0.5",
            "resolved": "https://registry.npmjs.org/downshift/-/downshift-5.0.5.tgz",
            "integrity": "sha512-V1idov3Rkvz1YWA1K67aIx51EgokIDvep4x6KmU7HhsayI8DvTEZBeH4O92zeFVGximKujRO7ChBzBAf4PKWFA==",
            "requires": {
                "@babel/runtime": "^7.4.5",
                "compute-scroll-into-view": "^1.0.9",
                "prop-types": "^15.7.2",
                "react-is": "^16.9.0"
            }
        },
        "fast-loops": {
            "version": "1.1.3",
            "resolved": "https://registry.npmjs.org/fast-loops/-/fast-loops-1.1.3.tgz",
            "integrity": "sha512-8EZzEP0eKkEEVX+drtd9mtuQ+/QrlfW/5MlwcwK5Nds6EkZ/tRzEexkzUY2mIssnAyVLT+TKHuRXmFNNXYUd6g=="
        },
        "fela": {
            "version": "10.8.2",
            "resolved": "https://registry.npmjs.org/fela/-/fela-10.8.2.tgz",
            "integrity": "sha512-rdF2h6U9gBhLged2WpOE43zqDG3f9rV7PNmcCoTuMIoKZqN0tYsc71nJRS7aNQtk+kRB5VsvMpoK0JGbs4s0qA==",
            "requires": {
                "css-in-js-utils": "^3.0.0",
                "csstype": "^2.5.5",
                "fast-loops": "^1.0.0",
                "fela-utils": "^10.8.2",
                "isobject": "^3.0.1"
            }
        },
        "fela-bindings": {
            "version": "10.8.2",
            "resolved": "https://registry.npmjs.org/fela-bindings/-/fela-bindings-10.8.2.tgz",
            "integrity": "sha512-NeZaTD8XaR2HmZKdVy0X2eTsTXeN9w/9ys0sd101djI4lD7rjfU6NroUB5YeGtOV/drehs7ufbzI/rStVUYx1g==",
            "requires": {
                "fast-loops": "^1.0.0",
                "fela-dom": "^10.8.2",
                "fela-tools": "^10.8.2",
                "react-addons-shallow-compare": "^15.6.2",
                "shallow-equal": "^1.0.0"
            }
        },
        "fela-dom": {
            "version": "10.8.2",
            "resolved": "https://registry.npmjs.org/fela-dom/-/fela-dom-10.8.2.tgz",
            "integrity": "sha512-6zv4X180/GT44g+Bss0t4r6zPGdg1VfQrrR4raHZLiviIBOx3QbHO2m/JAs3Hp22GF9X2jKItwyT2hGVw3c2fw==",
            "requires": {
                "css-in-js-utils": "^3.0.0",
                "fast-loops": "^1.0.1",
                "fela-utils": "^10.8.2"
            }
        },
        "fela-plugin-custom-property": {
            "version": "10.8.2",
            "resolved": "https://registry.npmjs.org/fela-plugin-custom-property/-/fela-plugin-custom-property-10.8.2.tgz",
            "integrity": "sha512-SFbuMRQpetEUYwMsG0ngZrdEB7N7ytH+jsXeWt54GKhdz68XcvbAEIoc5vWSPiNVBKH47jV3+dwXjhejd5AdaQ==",
            "requires": {
                "css-in-js-utils": "^3.0.0",
                "isobject": "^3.0.1"
            }
        },
        "fela-plugin-embedded": {
            "version": "10.8.2",
            "resolved": "https://registry.npmjs.org/fela-plugin-embedded/-/fela-plugin-embedded-10.8.2.tgz",
            "integrity": "sha512-HeLyDJHQgpBEMbWjsCES1Jtptawtaqnp0Ml3zKebPMrryCQj4j0k4VdyzcS+QzE4M0JD1r0FYhKla+mpuMP5Qw==",
            "requires": {
                "fast-loops": "^1.0.0",
                "isobject": "^3.0.1"
            }
        },
        "fela-plugin-fallback-value": {
            "version": "10.8.2",
            "resolved": "https://registry.npmjs.org/fela-plugin-fallback-value/-/fela-plugin-fallback-value-10.8.2.tgz",
            "integrity": "sha512-pjNQ4TJVJz8rDS8kEB7afRDHelQFzi0kIOhLSR0/LWLLFC7CfaQ3Vop9/w5Ot7iJtH8oR1dAxSQEyk497QcyPw==",
            "requires": {
                "css-in-js-utils": "^3.0.0",
                "isobject": "^3.0.1"
            }
        },
        "fela-plugin-placeholder-prefixer": {
            "version": "10.8.2",
            "resolved": "https://registry.npmjs.org/fela-plugin-placeholder-prefixer/-/fela-plugin-placeholder-prefixer-10.8.2.tgz",
            "integrity": "sha512-5Uh1ceC03mnfZanlxb4Y4F3MJNoqcReb5lFhme9Yuh74gwFYUAFgsA/vjE2FXfJ8DG4OP69cB/JEGc5cBRtjAg==",
            "requires": {
                "fast-loops": "^1.0.0",
                "fela-plugin-custom-property": "^10.8.2"
            }
        },
        "fela-plugin-rtl": {
            "version": "10.8.2",
            "resolved": "https://registry.npmjs.org/fela-plugin-rtl/-/fela-plugin-rtl-10.8.2.tgz",
            "integrity": "sha512-Xc3uYTNU0TponAtMwqfJQc/F33gACCCPr7QOMqpJurlYUU9VaYhchgs7YMocqns6kBPRGrYc0mYiQqNCfpKsjw==",
            "requires": {
                "rtl-css-js": "^1.1.3"
            }
        },
        "fela-tools": {
            "version": "10.8.2",
            "resolved": "https://registry.npmjs.org/fela-tools/-/fela-tools-10.8.2.tgz",
            "integrity": "sha512-9HVPA7PABxCh8ybiDlhhVKuFlVeFazmhthlf5CybiFcxh6DVKDEacYsFdXSC7NGJW2i4cWACiy7pjUvOyvqhRQ==",
            "requires": {
                "css-in-js-utils": "^3.0.0",
                "fast-loops": "^1.0.0",
                "fela": "^10.8.2",
                "fela-utils": "^10.8.2"
            }
        },
        "fela-utils": {
            "version": "10.8.2",
            "resolved": "https://registry.npmjs.org/fela-utils/-/fela-utils-10.8.2.tgz",
            "integrity": "sha512-RmoDOIby14Zb3Xn03noLolyMC2528xcNO5KcNCaznyByd1Acq8DnvQn91Ph9nBLcLqdC1rGme5HwRcrCOHG+kA==",
            "requires": {
                "css-in-js-utils": "^3.0.0",
                "fast-loops": "^1.0.0"
            }
        },
        "hyphenate-style-name": {
            "version": "1.0.4",
            "resolved": "https://registry.npmjs.org/hyphenate-style-name/-/hyphenate-style-name-1.0.4.tgz",
            "integrity": "sha512-ygGZLjmXfPHj+ZWh6LwbC37l43MhfztxetbFCoYTM2VjkIUpeHgSNn7QIyVFj7YQ1Wl9Cbw5sholVJPzWvC2MQ=="
        },
        "inline-style-expand-shorthand": {
            "version": "1.2.0",
            "resolved": "https://registry.npmjs.org/inline-style-expand-shorthand/-/inline-style-expand-shorthand-1.2.0.tgz",
            "integrity": "sha512-YdteDMlG1StHeEXF7opaVfPMCIVO8B4TPjE6kZLwdhZdgjH3Q7lxwSe+89sMhdPN77F3quOYhBbqBE0+KXuHpA=="
        },
        "isobject": {
            "version": "3.0.1",
            "resolved": "https://registry.npmjs.org/isobject/-/isobject-3.0.1.tgz",
            "integrity": "sha1-TkMekrEalzFjaqH5yNHMvP2reN8="
        },
        "js-tokens": {
            "version": "4.0.0",
            "resolved": "https://registry.npmjs.org/js-tokens/-/js-tokens-4.0.0.tgz",
            "integrity": "sha512-RdJUflcE3cUzKiMqQgsCu06FPu9UdIJO0beYbPhHN4k6apgJtifcoCtT9bcxOpYBtpD2kCM6Sbzg4CausW/PKQ=="
        },
        "lodash": {
            "version": "4.17.21",
            "resolved": "https://registry.npmjs.org/lodash/-/lodash-4.17.21.tgz",
            "integrity": "sha512-v2kDEe57lecTulaDIuNTPy3Ry4gLGJ6Z1O3vE1krgXZNrsQ+LFTGHVxVjcXPs17LhbZVGedAJv8XZ1tvj5FvSg=="
        },
        "loose-envify": {
            "version": "1.4.0",
            "resolved": "https://registry.npmjs.org/loose-envify/-/loose-envify-1.4.0.tgz",
            "integrity": "sha512-lyuxPGr/Wfhrlem2CL/UcnUc1zcqKAImBDzukY7Y5F/yQiNdko6+fRLevlw1HgMySw7f611UIY408EtxRSoK3Q==",
            "requires": {
                "js-tokens": "^3.0.0 || ^4.0.0"
            }
        },
        "object-assign": {
            "version": "4.1.1",
            "resolved": "https://registry.npmjs.org/object-assign/-/object-assign-4.1.1.tgz",
            "integrity": "sha1-IQmtx5ZYh8/AXLvUQsrIv7s2CGM="
        },
        "prop-types": {
            "version": "15.7.2",
            "resolved": "https://registry.npmjs.org/prop-types/-/prop-types-15.7.2.tgz",
            "integrity": "sha512-8QQikdH7//R2vurIJSutZ1smHYTcLpRWEOlHnzcWHmBYrOGUysKwSsrC89BCiFj3CbrfJ/nXFdJepOVrY1GCHQ==",
            "requires": {
                "loose-envify": "^1.4.0",
                "object-assign": "^4.1.1",
                "react-is": "^16.8.1"
            }
        },
        "react-addons-shallow-compare": {
            "version": "15.6.3",
            "resolved": "https://registry.npmjs.org/react-addons-shallow-compare/-/react-addons-shallow-compare-15.6.3.tgz",
            "integrity": "sha512-EDJbgKTtGRLhr3wiGDXK/+AEJ59yqGS+tKE6mue0aNXT6ZMR7VJbbzIiT6akotmHg1BLj46ElJSb+NBMp80XBg==",
            "requires": {
                "object-assign": "^4.1.0"
            }
        },
        "react-fela": {
            "version": "10.8.2",
            "resolved": "https://registry.npmjs.org/react-fela/-/react-fela-10.8.2.tgz",
            "integrity": "sha512-TDIuOzxwtPcMhxlR4be/s1Er5b7zS8D42QOzaZZGMJskfH1ULFSOpdlBsb32ivqacXatbGZzshHDXGV5vKNkhQ==",
            "requires": {
                "fela-bindings": "^10.8.2",
                "fela-dom": "^10.8.2",
                "prop-types": "^15.5.8"
            }
        },
        "react-is": {
            "version": "16.13.1",
            "resolved": "https://registry.npmjs.org/react-is/-/react-is-16.13.1.tgz",
            "integrity": "sha512-24e6ynE2H+OKt4kqsOvNd8kBpV65zoxbA4BVsEOB3ARVWQki/DHzaUoC5KuON/BiccDaCCTZBuOcfZs70kR8bQ=="
        },
        "react-transition-group": {
            "version": "4.4.1",
            "resolved": "https://registry.npmjs.org/react-transition-group/-/react-transition-group-4.4.1.tgz",
            "integrity": "sha512-Djqr7OQ2aPUiYurhPalTrVy9ddmFCCzwhqQmtN+J3+3DzLO209Fdr70QrN8Z3DsglWql6iY1lDWAfpFiBtuKGw==",
            "requires": {
                "@babel/runtime": "^7.5.5",
                "dom-helpers": "^5.0.1",
                "loose-envify": "^1.4.0",
                "prop-types": "^15.6.2"
            }
        },
        "regenerator-runtime": {
            "version": "0.13.7",
            "resolved": "https://registry.npmjs.org/regenerator-runtime/-/regenerator-runtime-0.13.7.tgz",
            "integrity": "sha512-a54FxoJDIr27pgf7IgeQGxmqUNYrcV338lf/6gH456HZ/PhX+5BcwHXG9ajESmwe6WRO0tAzRUrRmNONWgkrew=="
        },
        "rtl-css-js": {
            "version": "1.14.1",
            "resolved": "https://registry.npmjs.org/rtl-css-js/-/rtl-css-js-1.14.1.tgz",
            "integrity": "sha512-G9N1s/6329FpJr8k9e1U/Lg0IDWThv99sb7k0IrXHjSnubxe01h52/ajsPRafJK1/2Vqrhz3VKLe3E1dx6jS9Q==",
            "requires": {
                "@babel/runtime": "^7.1.2"
            }
        },
        "scheduler": {
            "version": "0.20.2",
            "resolved": "https://registry.npmjs.org/scheduler/-/scheduler-0.20.2.tgz",
            "integrity": "sha512-2eWfGgAqqWFGqtdMmcL5zCMK1U8KlXv8SQFGglL3CEtd0aDVDWgeF/YoCmvln55m5zSk3J/20hTaSBeSObsQDQ==",
            "requires": {
                "loose-envify": "^1.1.0",
                "object-assign": "^4.1.1"
            }
        },
        "shallow-equal": {
            "version": "1.2.1",
            "resolved": "https://registry.npmjs.org/shallow-equal/-/shallow-equal-1.2.1.tgz",
            "integrity": "sha512-S4vJDjHHMBaiZuT9NPb616CSmLf618jawtv3sufLl6ivK8WocjAo58cXwbRV1cgqxH0Qbv+iUt6m05eqEa2IRA=="
        },
        "stylis": {
            "version": "3.5.4",
            "resolved": "https://registry.npmjs.org/stylis/-/stylis-3.5.4.tgz",
            "integrity": "sha512-8/3pSmthWM7lsPBKv7NXkzn2Uc9W7NotcwGNpJaa3k7WMM1XDCA4MgT5k/8BIexd5ydZdboXtU90XH9Ec4Bv/Q=="
        },
        "tslib": {
            "version": "1.14.1",
            "resolved": "https://registry.npmjs.org/tslib/-/tslib-1.14.1.tgz",
            "integrity": "sha512-Xni35NKzjgMrwevysHTCArtLDpPvye8zV/0E4EyYn43P7/7qvQwPh9BGkHewbMulVntbigmcT7rdX3BNo9wRJg=="
        },
        "uuid": {
            "version": "8.3.2",
            "resolved": "https://registry.npmjs.org/uuid/-/uuid-8.3.2.tgz",
            "integrity": "sha512-+NYs2QeMWy+GWFOEm9xnn6HCDp0l7QBD7ml8zLUmJ+93Q5NF0NocErnwkTkXVFNiX3/fpC6afS8Dhb/gz7R7eg=="
        }
    }
}
